
Microsoft Visual Studio Solution File, Format Version 12.00
# Visual Studio 15
VisualStudioVersion = 15.0.28307.329
MinimumVisualStudioVersion = 10.0.40219.1
Project("{FAE04EC0-301F-11D3-BF4B-00C04F79EFBC}") = "NetSystem", "NetSystem\NetSystem.csproj", "{C40821FE-893F-45DF-A2BE-F0CD85BA59F6}"
EndProject
Global
	GlobalSection(SolutionConfigurationPlatforms) = preSolution
		Debug|Any CPU = Debug|Any CPU
		Release|Any CPU = Release|Any CPU
	EndGlobalSection
	GlobalSection(ProjectConfigurationPlatforms) = postSolution
		{C40821FE-893F-45DF-A2BE-F0CD85BA59F6}.Debug|Any CPU.ActiveCfg = Debug|Any CPU
		{C40821FE-893F-45DF-A2BE-F0CD85BA59F6}.Debug|Any CPU.Build.0 = Debug|Any CPU
		{C40821FE-893F-45DF-A2BE-F0CD85BA59F6}.Release|Any CPU.ActiveCfg = Release|Any CPU
		{C40821FE-893F-45DF-A2BE-F0CD85BA59F6}.Release|Any CPU.Build.0 = Release|Any CPU
	EndGlobalSection
	GlobalSection(SolutionProperties) = preSolution
		HideSolutionNode = FALSE
	EndGlobalSection
	GlobalSection(ExtensibilityGlobals) = postSolution
		SolutionGuid = {A37CF24B-6C7F-4654-82DE-1A6B91728F8E}
	EndGlobalSection
EndGlobal
